# This file is automatically @generated by Cargo.
# It is not intended for manual editing.
[[package]]
name = "adler32"
version = "1.2.0"
source = "registry+https://github.com/rust-lang/crates.io-index"
checksum = "aae1277d39aeec15cb388266ecc24b11c80469deae6067e17a1a7aa9e5c1f234"

[[package]]
name = "ahash"
version = "0.7.2"
source = "registry+https://github.com/rust-lang/crates.io-index"
checksum = "7f200cbb1e856866d9eade941cf3aa0c5d7dd36f74311c4273b494f4ef036957"
dependencies = [
 "getrandom",
 "once_cell",
 "version_check",
]

[[package]]
name = "approx"
version = "0.4.0"
source = "registry+https://github.com/rust-lang/crates.io-index"
checksum = "3f2a05fd1bd10b2527e20a2cd32d8873d115b8b39fe219ee25f42a8aca6ba278"
dependencies = [
 "num-traits",
]

[[package]]
name = "arrayvec"
version = "0.5.2"
source = "registry+https://github.com/rust-lang/crates.io-index"
checksum = "23b62fc65de8e4e7f52534fb52b0f3ed04746ae267519eef2a83941e8085068b"

[[package]]
name = "autocfg"
version = "1.0.0"
source = "registry+https://github.com/rust-lang/crates.io-index"
checksum = "f8aac770f1885fd7e387acedd76065302551364496e46b3dd00860b2f8359b9d"

[[package]]
name = "bitflags"
version = "1.2.1"
source = "registry+https://github.com/rust-lang/crates.io-index"
checksum = "cf1de2fe8c75bc145a2f577add951f8134889b4795d47466a54a5c846d691693"

[[package]]
name = "bumpalo"
version = "3.4.0"
source = "registry+https://github.com/rust-lang/crates.io-index"
checksum = "2e8c087f005730276d1096a652e92a8bacee2e2472bcc9715a74d2bec38b5820"

[[package]]
name = "bytemuck"
version = "1.5.1"
source = "registry+https://github.com/rust-lang/crates.io-index"
checksum = "bed57e2090563b83ba8f83366628ce535a7584c9afa4c9fc0612a03925c6df58"

[[package]]
name = "byteorder"
version = "1.3.4"
source = "registry+https://github.com/rust-lang/crates.io-index"
checksum = "08c48aae112d48ed9f069b33538ea9e3e90aa263cfa3d1c24309612b1f7472de"

[[package]]
name = "cfg-if"
version = "0.1.10"
source = "registry+https://github.com/rust-lang/crates.io-index"
checksum = "4785bdd1c96b2a846b2bd7cc02e86b6b3dbf14e7e53446c4f54c92a361040822"

[[package]]
name = "cfg-if"
version = "1.0.0"
source = "registry+https://github.com/rust-lang/crates.io-index"
checksum = "baf1de4339761588bc0619e3cbc0120ee582ebb74b53b4efbf79117bd2da40fd"

[[package]]
name = "color_quant"
version = "1.1.0"
source = "registry+https://github.com/rust-lang/crates.io-index"
checksum = "3d7b894f5411737b7867f4827955924d7c254fc9f4d91a6aad6b097804b1018b"

[[package]]
name = "crc32fast"
version = "1.2.0"
source = "registry+https://github.com/rust-lang/crates.io-index"
checksum = "ba125de2af0df55319f41944744ad91c71113bf74a4646efff39afe1f6842db1"
dependencies = [
 "cfg-if 0.1.10",
]

[[package]]
name = "deflate"
version = "0.8.6"
source = "registry+https://github.com/rust-lang/crates.io-index"
checksum = "73770f8e1fe7d64df17ca66ad28994a0a623ea497fa69486e14984e715c5d174"
dependencies = [
 "adler32",
 "byteorder",
]

[[package]]
name = "euclid"
version = "0.22.3"
source = "registry+https://github.com/rust-lang/crates.io-index"
checksum = "536d206ede9fae5a338a1576623b04fd2459f6086e551d374ebf10e9b78bb4df"
dependencies = [
 "num-traits",
]

[[package]]
name = "getrandom"
version = "0.2.2"
source = "registry+https://github.com/rust-lang/crates.io-index"
checksum = "c9495705279e7140bf035dde1f6e750c162df8b625267cd52cc44e0b156732c8"
dependencies = [
 "cfg-if 1.0.0",
 "libc",
 "wasi",
]

[[package]]
name = "glow"
version = "0.8.1"
source = "registry+https://github.com/rust-lang/crates.io-index"
checksum = "363e249e509764031df32a7866e0771656c9fa8d69a349903489b843340cd45e"
dependencies = [
 "js-sys",
 "slotmap",
 "wasm-bindgen",
 "web-sys",
]

[[package]]
name = "hashbrown"
version = "0.11.2"
source = "registry+https://github.com/rust-lang/crates.io-index"
checksum = "ab5ef0d4909ef3724cc8cce6ccc8572c5c817592e9285f5464f8e86f8bd3726e"
dependencies = [
 "ahash",
]

[[package]]
name = "hecs"
version = "0.5.1"
source = "registry+https://github.com/rust-lang/crates.io-index"
checksum = "55e3c0ac6ff9c8722eeb38c7a42c86307c1bf10e6f2b723bb1ccffb619d997d5"
dependencies = [
 "hashbrown",
]

[[package]]
name = "image"
version = "0.23.14"
source = "registry+https://github.com/rust-lang/crates.io-index"
checksum = "24ffcb7e7244a9bf19d35bf2883b9c080c4ced3c07a9895572178cdb8f13f6a1"
dependencies = [
 "bytemuck",
 "byteorder",
 "color_quant",
 "num-iter",
 "num-rational",
 "num-traits",
 "png",
]

[[package]]
name = "js-sys"
version = "0.3.44"
source = "registry+https://github.com/rust-lang/crates.io-index"
checksum = "85a7e2c92a4804dd459b86c339278d0fe87cf93757fae222c3fa3ae75458bc73"
dependencies = [
 "wasm-bindgen",
]

[[package]]
name = "lazy_static"
version = "1.4.0"
source = "registry+https://github.com/rust-lang/crates.io-index"
checksum = "e2abad23fbc42b3700f2f279844dc832adb2b2eb069b2df918f455c4e18cc646"

[[package]]
name = "libc"
version = "0.2.74"
source = "registry+https://github.com/rust-lang/crates.io-index"
checksum = "a2f02823cf78b754822df5f7f268fb59822e7296276d3e069d8e8cb26a14bd10"

[[package]]
name = "log"
version = "0.4.11"
source = "registry+https://github.com/rust-lang/crates.io-index"
checksum = "4fabed175da42fed1fa0746b0ea71f412aa9d35e76e95e59b192c64b9dc2bf8b"
dependencies = [
 "cfg-if 0.1.10",
]

[[package]]
name = "lyon_geom"
version = "0.17.0"
source = "registry+https://github.com/rust-lang/crates.io-index"
checksum = "edb987cd391542608ca8d43c0cd5ec44ebe4a0957eb89769a316c99d7fe14537"
dependencies = [
 "arrayvec",
 "euclid",
 "num-traits",
]

[[package]]
name = "lyon_path"
version = "0.17.2"
source = "registry+https://github.com/rust-lang/crates.io-index"
checksum = "2eb9f73b9f7cbf1f4470b1d774f5670e0640af649e827ca84c4e556efd5c7af5"
dependencies = [
 "lyon_geom",
]

[[package]]
name = "lyon_tessellation"
version = "0.17.6"
source = "registry+https://github.com/rust-lang/crates.io-index"
checksum = "8315610899d2d62f9ddd5722a3d41ba29349e8b63c0cfe803ba2e80230e3d5ea"
dependencies = [
 "arrayvec",
 "lyon_path",
 "sid",
]

[[package]]
name = "miniz_oxide"
version = "0.3.7"
source = "registry+https://github.com/rust-lang/crates.io-index"
checksum = "791daaae1ed6889560f8c4359194f56648355540573244a5448a83ba1ecc7435"
dependencies = [
 "adler32",
]

[[package]]
name = "num-integer"
version = "0.1.44"
source = "registry+https://github.com/rust-lang/crates.io-index"
checksum = "d2cc698a63b549a70bc047073d2949cce27cd1c7b0a4a862d08a8031bc2801db"
dependencies = [
 "autocfg",
 "num-traits",
]

[[package]]
name = "num-iter"
version = "0.1.41"
source = "registry+https://github.com/rust-lang/crates.io-index"
checksum = "7a6e6b7c748f995c4c29c5f5ae0248536e04a5739927c74ec0fa564805094b9f"
dependencies = [
 "autocfg",
 "num-integer",
 "num-traits",
]

[[package]]
name = "num-rational"
version = "0.3.0"
source = "registry+https://github.com/rust-lang/crates.io-index"
checksum = "a5b4d7360f362cfb50dde8143501e6940b22f644be75a4cc90b2d81968908138"
dependencies = [
 "autocfg",
 "num-integer",
 "num-traits",
]

[[package]]
name = "num-traits"
version = "0.2.14"
source = "registry+https://github.com/rust-lang/crates.io-index"
checksum = "9a64b1ec5cda2586e284722486d802acf1f7dbdc623e2bfc57e65ca1cd099290"
dependencies = [
 "autocfg",
]

[[package]]
name = "once_cell"
version = "1.7.2"
source = "registry+https://github.com/rust-lang/crates.io-index"
checksum = "af8b08b04175473088b46763e51ee54da5f9a164bc162f615b91bc179dbf15a3"

[[package]]
name = "png"
version = "0.16.7"
source = "registry+https://github.com/rust-lang/crates.io-index"
checksum = "dfe7f9f1c730833200b134370e1d5098964231af8450bce9b78ee3ab5278b970"
dependencies = [
 "bitflags",
 "crc32fast",
 "deflate",
 "miniz_oxide",
]

[[package]]
name = "ppv-lite86"
version = "0.2.9"
source = "registry+https://github.com/rust-lang/crates.io-index"
checksum = "c36fa947111f5c62a733b652544dd0016a43ce89619538a8ef92724a6f501a20"

[[package]]
name = "proc-macro2"
version = "1.0.19"
source = "registry+https://github.com/rust-lang/crates.io-index"
checksum = "04f5f085b5d71e2188cb8271e5da0161ad52c3f227a661a3c135fdf28e258b12"
dependencies = [
 "unicode-xid",
]

[[package]]
name = "quote"
version = "1.0.7"
source = "registry+https://github.com/rust-lang/crates.io-index"
checksum = "aa563d17ecb180e500da1cfd2b028310ac758de548efdd203e18f283af693f37"
dependencies = [
 "proc-macro2",
]

[[package]]
name = "rand"
version = "0.8.3"
source = "registry+https://github.com/rust-lang/crates.io-index"
checksum = "0ef9e7e66b4468674bfcb0c81af8b7fa0bb154fa9f28eb840da5c447baeb8d7e"
dependencies = [
 "libc",
 "rand_chacha",
 "rand_core",
 "rand_hc",
]

[[package]]
name = "rand_chacha"
version = "0.3.0"
source = "registry+https://github.com/rust-lang/crates.io-index"
checksum = "e12735cf05c9e10bf21534da50a147b924d555dc7a547c42e6bb2d5b6017ae0d"
dependencies = [
 "ppv-lite86",
 "rand_core",
]

[[package]]
name = "rand_core"
version = "0.6.2"
source = "registry+https://github.com/rust-lang/crates.io-index"
checksum = "34cf66eb183df1c5876e2dcf6b13d57340741e8dc255b48e40a26de954d06ae7"
dependencies = [
 "getrandom",
]

[[package]]
name = "rand_hc"
version = "0.3.0"
source = "registry+https://github.com/rust-lang/crates.io-index"
checksum = "3190ef7066a446f2e7f42e239d161e905420ccab01eb967c9eb27d21b2322a73"
dependencies = [
 "rand_core",
]

[[package]]
name = "rl"
version = "0.1.0"
dependencies = [
 "hecs",
 "rand",
 "tetra",
]

[[package]]
name = "rustc_version"
version = "0.2.3"
source = "registry+https://github.com/rust-lang/crates.io-index"
checksum = "138e3e0acb6c9fb258b19b67cb8abd63c00679d2851805ea151465464fe9030a"
dependencies = [
 "semver",
]

[[package]]
name = "sdl2"
version = "0.34.2"
source = "registry+https://github.com/rust-lang/crates.io-index"
checksum = "29fb006600d16da4f1f1e5c7b398f44af2f1b476ff5f2e555651bd78cf4c18d8"
dependencies = [
 "bitflags",
 "lazy_static",
 "libc",
 "sdl2-sys",
]

[[package]]
name = "sdl2-sys"
version = "0.34.2"
source = "registry+https://github.com/rust-lang/crates.io-index"
checksum = "3ed17d6d46b62b7df12134513bcc4f071268963e8c9bc8bf7ad983fbfb2bc3cc"
dependencies = [
 "cfg-if 0.1.10",
 "libc",
 "version-compare",
]

[[package]]
name = "semver"
version = "0.9.0"
source = "registry+https://github.com/rust-lang/crates.io-index"
checksum = "1d7eb9ef2c18661902cc47e535f9bc51b78acd254da71d375c2f6720d9a40403"
dependencies = [
 "semver-parser",
]

[[package]]
name = "semver-parser"
version = "0.7.0"
source = "registry+https://github.com/rust-lang/crates.io-index"
checksum = "388a1df253eca08550bef6c72392cfe7c30914bf41df5269b68cbd6ff8f570a3"

[[package]]
name = "sid"
version = "0.6.1"
source = "registry+https://github.com/rust-lang/crates.io-index"
checksum = "bd5ac56c121948b4879bba9e519852c211bcdd8f014efff766441deff0b91bdb"
dependencies = [
 "num-traits",
]

[[package]]
name = "slotmap"
version = "0.4.0"
source = "registry+https://github.com/rust-lang/crates.io-index"
checksum = "c46a3482db8f247956e464d783693ece164ca056e6e67563ee5505bdb86452cd"

[[package]]
name = "static_assertions"
version = "1.1.0"
source = "registry+https://github.com/rust-lang/crates.io-index"
checksum = "a2eb9349b6444b326872e140eb1cf5e7c522154d69e7a0ffb0fb81c06b37543f"

[[package]]
name = "syn"
version = "1.0.36"
source = "registry+https://github.com/rust-lang/crates.io-index"
checksum = "4cdb98bcb1f9d81d07b536179c269ea15999b5d14ea958196413869445bb5250"
dependencies = [
 "proc-macro2",
 "quote",
 "unicode-xid",
]

[[package]]
name = "tetra"
version = "0.6.3"
source = "registry+https://github.com/rust-lang/crates.io-index"
checksum = "44ce7a42bfb9cb00958f15729dec6036b02945e9f286134fc67fa0204aa96879"
dependencies = [
 "bytemuck",
 "glow",
 "hashbrown",
 "image",
 "lyon_tessellation",
 "num-traits",
 "sdl2",
 "vek",
 "xi-unicode",
]

[[package]]
name = "unicode-xid"
version = "0.2.1"
source = "registry+https://github.com/rust-lang/crates.io-index"
checksum = "f7fe0bb3479651439c9112f72b6c505038574c9fbb575ed1bf3b797fa39dd564"

[[package]]
name = "vek"
version = "0.13.1"
source = "registry+https://github.com/rust-lang/crates.io-index"
checksum = "a016e3cc1cffdb0af42d2a0a1b9483a0768e75ccbd4fc07c5d2439d434185617"
dependencies = [
 "approx",
 "num-integer",
 "num-traits",
 "rustc_version",
 "static_assertions",
]

[[package]]
name = "version-compare"
version = "0.0.10"
source = "registry+https://github.com/rust-lang/crates.io-index"
checksum = "d63556a25bae6ea31b52e640d7c41d1ab27faba4ccb600013837a3d0b3994ca1"

[[package]]
name = "version_check"
version = "0.9.3"
source = "registry+https://github.com/rust-lang/crates.io-index"
checksum = "5fecdca9a5291cc2b8dcf7dc02453fee791a280f3743cb0905f8822ae463b3fe"

[[package]]
name = "wasi"
version = "0.10.2+wasi-snapshot-preview1"
source = "registry+https://github.com/rust-lang/crates.io-index"
checksum = "fd6fbd9a79829dd1ad0cc20627bf1ed606756a7f77edff7b66b7064f9cb327c6"

[[package]]
name = "wasm-bindgen"
version = "0.2.67"
source = "registry+https://github.com/rust-lang/crates.io-index"
checksum = "f0563a9a4b071746dd5aedbc3a28c6fe9be4586fb3fbadb67c400d4f53c6b16c"
dependencies = [
 "cfg-if 0.1.10",
 "wasm-bindgen-macro",
]

[[package]]
name = "wasm-bindgen-backend"
version = "0.2.67"
source = "registry+https://github.com/rust-lang/crates.io-index"
checksum = "bc71e4c5efa60fb9e74160e89b93353bc24059999c0ae0fb03affc39770310b0"
dependencies = [
 "bumpalo",
 "lazy_static",
 "log",
 "proc-macro2",
 "quote",
 "syn",
 "wasm-bindgen-shared",
]

[[package]]
name = "wasm-bindgen-macro"
version = "0.2.67"
source = "registry+https://github.com/rust-lang/crates.io-index"
checksum = "97c57cefa5fa80e2ba15641578b44d36e7a64279bc5ed43c6dbaf329457a2ed2"
dependencies = [
 "quote",
 "wasm-bindgen-macro-support",
]

[[package]]
name = "wasm-bindgen-macro-support"
version = "0.2.67"
source = "registry+https://github.com/rust-lang/crates.io-index"
checksum = "841a6d1c35c6f596ccea1f82504a192a60378f64b3bb0261904ad8f2f5657556"
dependencies = [
 "proc-macro2",
 "quote",
 "syn",
 "wasm-bindgen-backend",
 "wasm-bindgen-shared",
]

[[package]]
name = "wasm-bindgen-shared"
version = "0.2.67"
source = "registry+https://github.com/rust-lang/crates.io-index"
checksum = "93b162580e34310e5931c4b792560108b10fd14d64915d7fff8ff00180e70092"

[[package]]
name = "web-sys"
version = "0.3.44"
source = "registry+https://github.com/rust-lang/crates.io-index"
checksum = "dda38f4e5ca63eda02c059d243aa25b5f35ab98451e518c51612cd0f1bd19a47"
dependencies = [
 "js-sys",
 "wasm-bindgen",
]

[[package]]
name = "xi-unicode"
version = "0.3.0"
source = "registry+https://github.com/rust-lang/crates.io-index"
checksum = "a67300977d3dc3f8034dae89778f502b6ba20b269527b3223ba59c0cf393bb8a"
